
Microsoft Visual Studio Solution File, Format Version 12.00
# Visual Studio Version 17
VisualStudioVersion = 17.4.33205.214
MinimumVisualStudioVersion = 10.0.40219.1
Project("{FAE04EC0-301F-11D3-BF4B-00C04F79EFBC}") = "CHomeTask4", "CHomeTask4\CHomeTask4.csproj", "{C84E6796-2A47-4B14-B10A-792877DAB319}"
EndProject
Global
	GlobalSection(SolutionConfigurationPlatforms) = preSolution
		Debug|Any CPU = Debug|Any CPU
		Release|Any CPU = Release|Any CPU
	EndGlobalSection
	GlobalSection(ProjectConfigurationPlatforms) = postSolution
		{C84E6796-2A47-4B14-B10A-792877DAB319}.Debug|Any CPU.ActiveCfg = Debug|Any CPU
		{C84E6796-2A47-4B14-B10A-792877DAB319}.Debug|Any CPU.Build.0 = Debug|Any CPU
		{C84E6796-2A47-4B14-B10A-792877DAB319}.Release|Any CPU.ActiveCfg = Release|Any CPU
		{C84E6796-2A47-4B14-B10A-792877DAB319}.Release|Any CPU.Build.0 = Release|Any CPU
	EndGlobalSection
	GlobalSection(SolutionProperties) = preSolution
		HideSolutionNode = FALSE
	EndGlobalSection
	GlobalSection(ExtensibilityGlobals) = postSolution
		SolutionGuid = {DC403362-0B5B-4106-BA6A-8A7030EA0AC1}
	EndGlobalSection
EndGlobal
